
Microsoft Visual Studio Solution File, Format Version 12.00
# Visual Studio Version 16
VisualStudioVersion = 16.0.31025.194
MinimumVisualStudioVersion = 10.0.40219.1
Project("{FAE04EC0-301F-11D3-BF4B-00C04F79EFBC}") = "Project", "Project\Project.csproj", "{747421BF-FACD-43F0-BAAA-AF4E7C4BAC0C}"
EndProject
Global
	GlobalSection(SolutionConfigurationPlatforms) = preSolution
		Debug|Any CPU = Debug|Any CPU
		Release|Any CPU = Release|Any CPU
	EndGlobalSection
	GlobalSection(ProjectConfigurationPlatforms) = postSolution
		{747421BF-FACD-43F0-BAAA-AF4E7C4BAC0C}.Debug|Any CPU.ActiveCfg = Debug|Any CPU
		{747421BF-FACD-43F0-BAAA-AF4E7C4BAC0C}.Debug|Any CPU.Build.0 = Debug|Any CPU
		{747421BF-FACD-43F0-BAAA-AF4E7C4BAC0C}.Release|Any CPU.ActiveCfg = Release|Any CPU
		{747421BF-FACD-43F0-BAAA-AF4E7C4BAC0C}.Release|Any CPU.Build.0 = Release|Any CPU
	EndGlobalSection
	GlobalSection(SolutionProperties) = preSolution
		HideSolutionNode = FALSE
	EndGlobalSection
	GlobalSection(ExtensibilityGlobals) = postSolution
		SolutionGuid = {3E30F7A4-FDB8-4148-AF5F-C3BE535DAD26}
	EndGlobalSection
EndGlobal
